
Microsoft Visual Studio Solution File, Format Version 12.00
# Visual Studio Version 17
VisualStudioVersion = 17.13.35931.197 d17.13
MinimumVisualStudioVersion = 10.0.40219.1
Project("{C9674DCB-5085-4A16-B785-4C70DD1589BD}") = "04 Error Handling in Data Flow Task SSIS", "04 Error Handling in Data Flow Task SSIS\04 Error Handling in Data Flow Task SSIS.dtproj", "{019B8F6A-B76E-9804-8FD7-58D836783D73}"
EndProject
Global
	GlobalSection(SolutionConfigurationPlatforms) = preSolution
		Development|Default = Development|Default
	EndGlobalSection
	GlobalSection(ProjectConfigurationPlatforms) = postSolution
		{019B8F6A-B76E-9804-8FD7-58D836783D73}.Development|Default.ActiveCfg = Development
		{019B8F6A-B76E-9804-8FD7-58D836783D73}.Development|Default.Build.0 = Development
	EndGlobalSection
	GlobalSection(SolutionProperties) = preSolution
		HideSolutionNode = FALSE
	EndGlobalSection
	GlobalSection(ExtensibilityGlobals) = postSolution
		SolutionGuid = {3C9DCDDD-7AB6-45F5-8201-1403C20A12C9}
	EndGlobalSection
EndGlobal
