
Microsoft Visual Studio Solution File, Format Version 12.00
# Visual Studio Version 17
VisualStudioVersion = 17.14.36203.30 d17.14
MinimumVisualStudioVersion = 10.0.40219.1
Project("{C9674DCB-5085-4A16-B785-4C70DD1589BD}") = "13 Execute SSIS package from C#", "13 Execute SSIS package from C#\13 Execute SSIS package from C#.dtproj", "{E8810F64-1536-E9F0-B0DC-5BBB18BA0919}"
EndProject
Global
	GlobalSection(SolutionConfigurationPlatforms) = preSolution
		Development|Default = Development|Default
	EndGlobalSection
	GlobalSection(ProjectConfigurationPlatforms) = postSolution
		{E8810F64-1536-E9F0-B0DC-5BBB18BA0919}.Development|Default.ActiveCfg = Development
		{E8810F64-1536-E9F0-B0DC-5BBB18BA0919}.Development|Default.Build.0 = Development
	EndGlobalSection
	GlobalSection(SolutionProperties) = preSolution
		HideSolutionNode = FALSE
	EndGlobalSection
	GlobalSection(ExtensibilityGlobals) = postSolution
		SolutionGuid = {5375CCCC-CF2F-4101-A0BB-F6B2090787DF}
	EndGlobalSection
EndGlobal
